
Microsoft Visual Studio Solution File, Format Version 12.00
# Visual Studio Version 17
VisualStudioVersion = 17.0.31612.314
MinimumVisualStudioVersion = 10.0.40219.1
Project("{9A19103F-16F7-4668-BE54-9A1E7A4F7556}") = "ConsoleApp1", "ConsoleApp1\ConsoleApp1.csproj", "{A3E540F1-67F3-4CBD-9ADA-38A70899CD0D}"
EndProject
Project("{FAE04EC0-301F-11D3-BF4B-00C04F79EFBC}") = "UnitTest", "Test\UnitTest\UnitTest.csproj", "{8C42CD92-4221-4051-A40D-9BF18973927B}"
EndProject
Global
	GlobalSection(SolutionConfigurationPlatforms) = preSolution
		Debug|Any CPU = Debug|Any CPU
		Release|Any CPU = Release|Any CPU
	EndGlobalSection
	GlobalSection(ProjectConfigurationPlatforms) = postSolution
		{A3E540F1-67F3-4CBD-9ADA-38A70899CD0D}.Debug|Any CPU.ActiveCfg = Debug|Any CPU
		{A3E540F1-67F3-4CBD-9ADA-38A70899CD0D}.Debug|Any CPU.Build.0 = Debug|Any CPU
		{A3E540F1-67F3-4CBD-9ADA-38A70899CD0D}.Release|Any CPU.ActiveCfg = Release|Any CPU
		{A3E540F1-67F3-4CBD-9ADA-38A70899CD0D}.Release|Any CPU.Build.0 = Release|Any CPU
		{8C42CD92-4221-4051-A40D-9BF18973927B}.Debug|Any CPU.ActiveCfg = Debug|Any CPU
		{8C42CD92-4221-4051-A40D-9BF18973927B}.Debug|Any CPU.Build.0 = Debug|Any CPU
		{8C42CD92-4221-4051-A40D-9BF18973927B}.Release|Any CPU.ActiveCfg = Release|Any CPU
		{8C42CD92-4221-4051-A40D-9BF18973927B}.Release|Any CPU.Build.0 = Release|Any CPU
	EndGlobalSection
	GlobalSection(SolutionProperties) = preSolution
		HideSolutionNode = FALSE
	EndGlobalSection
	GlobalSection(ExtensibilityGlobals) = postSolution
		SolutionGuid = {AAF65ED1-8AB7-4763-BE6A-27EFD0721B8C}
	EndGlobalSection
EndGlobal
